
Microsoft Visual Studio Solution File, Format Version 12.00
# Visual Studio Version 17
VisualStudioVersion = 17.3.32929.385
MinimumVisualStudioVersion = 10.0.40219.1
Project("{FAE04EC0-301F-11D3-BF4B-00C04F79EFBC}") = "Lesson6", "Lesson6\Lesson6.csproj", "{4CDE4162-4834-4A8F-BD6D-93ACCAEC39FD}"
EndProject
Project("{9A19103F-16F7-4668-BE54-9A1E7A4F7556}") = "CMDMenu", "CMDMenu\CMDMenu.csproj", "{07DEDB85-D27C-4BDA-A1BE-4013D3064A1A}"
EndProject
Global
	GlobalSection(SolutionConfigurationPlatforms) = preSolution
		Debug|Any CPU = Debug|Any CPU
		Release|Any CPU = Release|Any CPU
	EndGlobalSection
	GlobalSection(ProjectConfigurationPlatforms) = postSolution
		{4CDE4162-4834-4A8F-BD6D-93ACCAEC39FD}.Debug|Any CPU.ActiveCfg = Debug|Any CPU
		{4CDE4162-4834-4A8F-BD6D-93ACCAEC39FD}.Debug|Any CPU.Build.0 = Debug|Any CPU
		{4CDE4162-4834-4A8F-BD6D-93ACCAEC39FD}.Release|Any CPU.ActiveCfg = Release|Any CPU
		{4CDE4162-4834-4A8F-BD6D-93ACCAEC39FD}.Release|Any CPU.Build.0 = Release|Any CPU
		{07DEDB85-D27C-4BDA-A1BE-4013D3064A1A}.Debug|Any CPU.ActiveCfg = Debug|Any CPU
		{07DEDB85-D27C-4BDA-A1BE-4013D3064A1A}.Debug|Any CPU.Build.0 = Debug|Any CPU
		{07DEDB85-D27C-4BDA-A1BE-4013D3064A1A}.Release|Any CPU.ActiveCfg = Release|Any CPU
		{07DEDB85-D27C-4BDA-A1BE-4013D3064A1A}.Release|Any CPU.Build.0 = Release|Any CPU
	EndGlobalSection
	GlobalSection(SolutionProperties) = preSolution
		HideSolutionNode = FALSE
	EndGlobalSection
	GlobalSection(ExtensibilityGlobals) = postSolution
		SolutionGuid = {D71E8AD2-6652-4687-BE8C-A0F3E271EC32}
	EndGlobalSection
EndGlobal
